
Microsoft Visual Studio Solution File, Format Version 12.00
# Visual Studio Version 18
VisualStudioVersion = 18.6.11819.183 stable
MinimumVisualStudioVersion = 10.0.40219.1
Project("{FAE04EC0-301F-11D3-BF4B-00C04F79EFBC}") = "D.A.S.H", "D.A.S.H\D.A.S.H.csproj", "{BE033981-5786-48DA-A244-BDEF8A2F59CE}"
EndProject
Project("{FAE04EC0-301F-11D3-BF4B-00C04F79EFBC}") = "BLL", "BLL\BLL.csproj", "{C5C34480-4B26-4D82-AD34-FF99A6EB9F81}"
EndProject
Project("{FAE04EC0-301F-11D3-BF4B-00C04F79EFBC}") = "DAL", "DAL\DAL.csproj", "{763807E6-8BD2-496E-A392-2249C4A7EEF2}"
EndProject
Project("{FAE04EC0-301F-11D3-BF4B-00C04F79EFBC}") = "Domain", "Domain\Domain.csproj", "{38C2CEF8-409C-4A2E-8DDE-48D4F99E7467}"
EndProject
Project("{FAE04EC0-301F-11D3-BF4B-00C04F79EFBC}") = "AI Integration", "AI Integration\AI Integration.csproj", "{E3EB86CA-6745-47D0-B3A9-9B02DBC29E21}"
EndProject
Project("{FAE04EC0-301F-11D3-BF4B-00C04F79EFBC}") = "DASHTest.UIModels", "TestProject1\DASHTest.UIModels.csproj", "{6E291DF1-4C9E-4524-9F98-F6F607D49EAD}"
EndProject
Project("{FAE04EC0-301F-11D3-BF4B-00C04F79EFBC}") = "DASHTests2", "DASHTests2\DASHTests2.csproj", "{2A130C85-6AD3-4439-9B5A-66AF30D6DA44}"
EndProject
Global
	GlobalSection(SolutionConfigurationPlatforms) = preSolution
		Debug|Any CPU = Debug|Any CPU
		Release|Any CPU = Release|Any CPU
	EndGlobalSection
	GlobalSection(ProjectConfigurationPlatforms) = postSolution
		{BE033981-5786-48DA-A244-BDEF8A2F59CE}.Debug|Any CPU.ActiveCfg = Debug|Any CPU
		{BE033981-5786-48DA-A244-BDEF8A2F59CE}.Debug|Any CPU.Build.0 = Debug|Any CPU
		{BE033981-5786-48DA-A244-BDEF8A2F59CE}.Release|Any CPU.ActiveCfg = Release|Any CPU
		{BE033981-5786-48DA-A244-BDEF8A2F59CE}.Release|Any CPU.Build.0 = Release|Any CPU
		{C5C34480-4B26-4D82-AD34-FF99A6EB9F81}.Debug|Any CPU.ActiveCfg = Debug|Any CPU
		{C5C34480-4B26-4D82-AD34-FF99A6EB9F81}.Debug|Any CPU.Build.0 = Debug|Any CPU
		{C5C34480-4B26-4D82-AD34-FF99A6EB9F81}.Release|Any CPU.ActiveCfg = Release|Any CPU
		{C5C34480-4B26-4D82-AD34-FF99A6EB9F81}.Release|Any CPU.Build.0 = Release|Any CPU
		{763807E6-8BD2-496E-A392-2249C4A7EEF2}.Debug|Any CPU.ActiveCfg = Debug|Any CPU
		{763807E6-8BD2-496E-A392-2249C4A7EEF2}.Debug|Any CPU.Build.0 = Debug|Any CPU
		{763807E6-8BD2-496E-A392-2249C4A7EEF2}.Release|Any CPU.ActiveCfg = Release|Any CPU
		{763807E6-8BD2-496E-A392-2249C4A7EEF2}.Release|Any CPU.Build.0 = Release|Any CPU
		{38C2CEF8-409C-4A2E-8DDE-48D4F99E7467}.Debug|Any CPU.ActiveCfg = Debug|Any CPU
		{38C2CEF8-409C-4A2E-8DDE-48D4F99E7467}.Debug|Any CPU.Build.0 = Debug|Any CPU
		{38C2CEF8-409C-4A2E-8DDE-48D4F99E7467}.Release|Any CPU.ActiveCfg = Release|Any CPU
		{38C2CEF8-409C-4A2E-8DDE-48D4F99E7467}.Release|Any CPU.Build.0 = Release|Any CPU
		{E3EB86CA-6745-47D0-B3A9-9B02DBC29E21}.Debug|Any CPU.ActiveCfg = Debug|Any CPU
		{E3EB86CA-6745-47D0-B3A9-9B02DBC29E21}.Debug|Any CPU.Build.0 = Debug|Any CPU
		{E3EB86CA-6745-47D0-B3A9-9B02DBC29E21}.Release|Any CPU.ActiveCfg = Release|Any CPU
		{E3EB86CA-6745-47D0-B3A9-9B02DBC29E21}.Release|Any CPU.Build.0 = Release|Any CPU
		{6E291DF1-4C9E-4524-9F98-F6F607D49EAD}.Debug|Any CPU.ActiveCfg = Debug|Any CPU
		{6E291DF1-4C9E-4524-9F98-F6F607D49EAD}.Debug|Any CPU.Build.0 = Debug|Any CPU
		{6E291DF1-4C9E-4524-9F98-F6F607D49EAD}.Release|Any CPU.ActiveCfg = Release|Any CPU
		{6E291DF1-4C9E-4524-9F98-F6F607D49EAD}.Release|Any CPU.Build.0 = Release|Any CPU
		{2A130C85-6AD3-4439-9B5A-66AF30D6DA44}.Debug|Any CPU.ActiveCfg = Debug|Any CPU
		{2A130C85-6AD3-4439-9B5A-66AF30D6DA44}.Debug|Any CPU.Build.0 = Debug|Any CPU
		{2A130C85-6AD3-4439-9B5A-66AF30D6DA44}.Release|Any CPU.ActiveCfg = Release|Any CPU
		{2A130C85-6AD3-4439-9B5A-66AF30D6DA44}.Release|Any CPU.Build.0 = Release|Any CPU
	EndGlobalSection
	GlobalSection(SolutionProperties) = preSolution
		HideSolutionNode = FALSE
	EndGlobalSection
	GlobalSection(ExtensibilityGlobals) = postSolution
		SolutionGuid = {DCB09B65-C575-483F-B485-47EFB889C0E1}
	EndGlobalSection
EndGlobal
